{
  "name": "passkit-generator",
  "version": "2.0.4",
  "lockfileVersion": 1,
  "requires": true,
  "dependencies": {
    "@hapi/address": {
      "version": "2.1.4",
      "resolved": "https://registry.npmjs.org/@hapi/address/-/address-2.1.4.tgz",
      "integrity": "sha512-QD1PhQk+s31P1ixsX0H0Suoupp3VMXzIVMSwobR3F3MSUO2YCV0B7xqLcUw/Bh8yuvd3LhpyqLQWTNcRmp6IdQ=="
    },
    "@hapi/formula": {
      "version": "1.2.0",
      "resolved": "https://registry.npmjs.org/@hapi/formula/-/formula-1.2.0.tgz",
      "integrity": "sha512-UFbtbGPjstz0eWHb+ga/GM3Z9EzqKXFWIbSOFURU0A/Gku0Bky4bCk9/h//K2Xr3IrCfjFNhMm4jyZ5dbCewGA=="
    },
    "@hapi/hoek": {
      "version": "8.5.1",
      "resolved": "https://registry.npmjs.org/@hapi/hoek/-/hoek-8.5.1.tgz",
      "integrity": "sha512-yN7kbciD87WzLGc5539Tn0sApjyiGHAJgKvG9W8C7O+6c7qmoQMfVs0W4bX17eqz6C78QJqqFrtgdK5EWf6Qow=="
    },
    "@hapi/joi": {
      "version": "16.1.8",
      "resolved": "https://registry.npmjs.org/@hapi/joi/-/joi-16.1.8.tgz",
      "integrity": "sha512-wAsVvTPe+FwSrsAurNt5vkg3zo+TblvC5Bb1zMVK6SJzZqw9UrJnexxR+76cpePmtUZKHAPxcQ2Bf7oVHyahhg==",
      "requires": {
        "@hapi/address": "^2.1.2",
        "@hapi/formula": "^1.2.0",
        "@hapi/hoek": "^8.2.4",
        "@hapi/pinpoint": "^1.0.2",
        "@hapi/topo": "^3.1.3"
      }
    },
    "@hapi/pinpoint": {
      "version": "1.0.2",
      "resolved": "https://registry.npmjs.org/@hapi/pinpoint/-/pinpoint-1.0.2.tgz",
      "integrity": "sha512-dtXC/WkZBfC5vxscazuiJ6iq4j9oNx1SHknmIr8hofarpKUZKmlUVYVIhNVzIEgK5Wrc4GMHL5lZtt1uS2flmQ=="
    },
    "@hapi/topo": {
      "version": "3.1.6",
      "resolved": "https://registry.npmjs.org/@hapi/topo/-/topo-3.1.6.tgz",
      "integrity": "sha512-tAag0jEcjwH+P2quUfipd7liWCNX2F8NvYjQp2wtInsZxnMlypdw0FtAOLxtvvkO+GSRRbmNi8m/5y42PQJYCQ==",
      "requires": {
        "@hapi/hoek": "^8.3.0"
      }
    },
    "@types/debug": {
      "version": "4.1.5",
      "resolved": "https://registry.npmjs.org/@types/debug/-/debug-4.1.5.tgz",
      "integrity": "sha512-Q1y515GcOdTHgagaVFhHnIFQ38ygs/kmxdNpvpou+raI9UO3YZcHDngBSYKQklcKlvA7iuQlmIKbzvmxcOE9CQ==",
      "dev": true
    },
    "@types/hapi__joi": {
      "version": "16.0.4",
      "resolved": "https://registry.npmjs.org/@types/hapi__joi/-/hapi__joi-16.0.4.tgz",
      "integrity": "sha512-wyZP3JUZNra0Mn6jlYkGorouWJ00K0r0Qys5j8Ycp0ssF267NMfpQNgHWAcV14xXSuChF7H68CPuqJO15YuHyQ==",
      "dev": true
    },
    "@types/jasmine": {
      "version": "3.5.0",
      "resolved": "https://registry.npmjs.org/@types/jasmine/-/jasmine-3.5.0.tgz",
      "integrity": "sha512-kGCRI9oiCxFS6soGKlyzhMzDydfcPix9PpTkr7h11huxOxhWwP37Tg7DYBaQ18eQTNreZEuLkhpbGSqVNZPnnw==",
      "dev": true
    },
    "@types/node": {
      "version": "12.12.14",
      "resolved": "https://registry.npmjs.org/@types/node/-/node-12.12.14.tgz",
      "integrity": "sha512-u/SJDyXwuihpwjXy7hOOghagLEV1KdAST6syfnOk6QZAMzZuWZqXy5aYYZbh8Jdpd4escVFP0MvftHNDb9pruA==",
      "dev": true
    },
    "@types/node-forge": {
      "version": "0.9.0",
      "resolved": "https://registry.npmjs.org/@types/node-forge/-/node-forge-0.9.0.tgz",
      "integrity": "sha512-J00+BIHJOfagO1Qs67Jp5CZO3VkFxY8YKMt44oBhXr+3ZYNnl8wv/vtcJyPjuH0QZ+q7+5nnc6o/YH91ZJy2pQ==",
      "dev": true,
      "requires": {
        "@types/node": "*"
      }
    },
    "@types/yazl": {
      "version": "2.4.2",
      "resolved": "https://registry.npmjs.org/@types/yazl/-/yazl-2.4.2.tgz",
      "integrity": "sha512-T+9JH8O2guEjXNxqmybzQ92mJUh2oCwDDMSSimZSe1P+pceZiFROZLYmcbqkzV5EUwz6VwcKXCO2S2yUpra6XQ==",
      "dev": true,
      "requires": {
        "@types/node": "*"
      }
    },
    "balanced-match": {
      "version": "1.0.0",
      "resolved": "https://registry.npmjs.org/balanced-match/-/balanced-match-1.0.0.tgz",
      "integrity": "sha1-ibTRmasr7kneFk6gK4nORi1xt2c=",
      "dev": true
    },
    "brace-expansion": {
      "version": "1.1.11",
      "resolved": "https://registry.npmjs.org/brace-expansion/-/brace-expansion-1.1.11.tgz",
      "integrity": "sha512-iCuPHDFgrHX7H2vEI/5xpz07zSHB00TpugqhmYtVmMO6518mCuRMoOYFldEBl0g187ufozdaHgWKcYFb61qGiA==",
      "dev": true,
      "requires": {
        "balanced-match": "^1.0.0",
        "concat-map": "0.0.1"
      }
    },
    "buffer-crc32": {
      "version": "0.2.13",
      "resolved": "https://registry.npmjs.org/buffer-crc32/-/buffer-crc32-0.2.13.tgz",
      "integrity": "sha1-DTM+PwDqxQqhRUq9MO+MKl2ackI="
    },
    "concat-map": {
      "version": "0.0.1",
      "resolved": "https://registry.npmjs.org/concat-map/-/concat-map-0.0.1.tgz",
      "integrity": "sha1-2Klr13/Wjfd5OnMDajug1UBdR3s=",
      "dev": true
    },
    "debug": {
      "version": "4.1.1",
      "resolved": "https://registry.npmjs.org/debug/-/debug-4.1.1.tgz",
      "integrity": "sha512-pYAIzeRo8J6KPEaJ0VWOh5Pzkbw/RetuzehGM7QRRX5he4fPHx2rdKMB256ehJCkX+XRQm16eZLqLNS8RSZXZw==",
      "requires": {
        "ms": "^2.1.1"
      }
    },
    "fs.realpath": {
      "version": "1.0.0",
      "resolved": "https://registry.npmjs.org/fs.realpath/-/fs.realpath-1.0.0.tgz",
      "integrity": "sha1-FQStJSMVjKpA20onh8sBQRmU6k8=",
      "dev": true
    },
    "glob": {
      "version": "7.1.6",
      "resolved": "https://registry.npmjs.org/glob/-/glob-7.1.6.tgz",
      "integrity": "sha512-LwaxwyZ72Lk7vZINtNNrywX0ZuLyStrdDtabefZKAY5ZGJhVtgdznluResxNmPitE0SAO+O26sWTHeKSI2wMBA==",
      "dev": true,
      "requires": {
        "fs.realpath": "^1.0.0",
        "inflight": "^1.0.4",
        "inherits": "2",
        "minimatch": "^3.0.4",
        "once": "^1.3.0",
        "path-is-absolute": "^1.0.0"
      }
    },
    "inflight": {
      "version": "1.0.6",
      "resolved": "https://registry.npmjs.org/inflight/-/inflight-1.0.6.tgz",
      "integrity": "sha1-Sb1jMdfQLQwJvJEKEHW6gWW1bfk=",
      "dev": true,
      "requires": {
        "once": "^1.3.0",
        "wrappy": "1"
      }
    },
    "inherits": {
      "version": "2.0.4",
      "resolved": "https://registry.npmjs.org/inherits/-/inherits-2.0.4.tgz",
      "integrity": "sha512-k/vGaX4/Yla3WzyMCvTQOXYeIHvqOKtnqBduzTHpzpQZzAskKMhZ2K+EnBiSM9zGSoIFeMpXKxa4dYeZIQqewQ==",
      "dev": true
    },
    "jasmine": {
      "version": "3.5.0",
      "resolved": "https://registry.npmjs.org/jasmine/-/jasmine-3.5.0.tgz",
      "integrity": "sha512-DYypSryORqzsGoMazemIHUfMkXM7I7easFaxAvNM3Mr6Xz3Fy36TupTrAOxZWN8MVKEU5xECv22J4tUQf3uBzQ==",
      "dev": true,
      "requires": {
        "glob": "^7.1.4",
        "jasmine-core": "~3.5.0"
      }
    },
    "jasmine-core": {
      "version": "3.5.0",
      "resolved": "https://registry.npmjs.org/jasmine-core/-/jasmine-core-3.5.0.tgz",
      "integrity": "sha512-nCeAiw37MIMA9w9IXso7bRaLl+c/ef3wnxsoSAlYrzS+Ot0zTG6nU8G/cIfGkqpkjX2wNaIW9RFG0TwIFnG6bA==",
      "dev": true
    },
    "minimatch": {
      "version": "3.0.4",
      "resolved": "https://registry.npmjs.org/minimatch/-/minimatch-3.0.4.tgz",
      "integrity": "sha512-yJHVQEhyqPLUTgt9B83PXu6W3rx4MvvHvSUvToogpwoGDOUQ+yDrR0HRot+yOCdCO7u4hX3pWft6kWBBcqh0UA==",
      "dev": true,
      "requires": {
        "brace-expansion": "^1.1.7"
      }
    },
    "moment": {
      "version": "2.24.0",
      "resolved": "https://registry.npmjs.org/moment/-/moment-2.24.0.tgz",
      "integrity": "sha512-bV7f+6l2QigeBBZSM/6yTNq4P2fNpSWj/0e7jQcy87A8e7o2nAfP/34/2ky5Vw4B9S446EtIhodAzkFCcR4dQg=="
    },
    "ms": {
      "version": "2.1.2",
      "resolved": "https://registry.npmjs.org/ms/-/ms-2.1.2.tgz",
      "integrity": "sha512-sGkPx+VjMtmA6MX27oA4FBFELFCZZ4S4XqeGOXCv68tT+jb3vk/RyaKWP0PTKyWtmLSM0b+adUTEvbs1PEaH2w=="
    },
    "node-forge": {
      "version": "0.9.1",
      "resolved": "https://registry.npmjs.org/node-forge/-/node-forge-0.9.1.tgz",
      "integrity": "sha512-G6RlQt5Sb4GMBzXvhfkeFmbqR6MzhtnT7VTHuLadjkii3rdYHNdw0m8zA4BTxVIh68FicCQ2NSUANpsqkr9jvQ=="
    },
    "once": {
      "version": "1.4.0",
      "resolved": "https://registry.npmjs.org/once/-/once-1.4.0.tgz",
      "integrity": "sha1-WDsap3WWHUsROsF9nFC6753Xa9E=",
      "dev": true,
      "requires": {
        "wrappy": "1"
      }
    },
    "path-is-absolute": {
      "version": "1.0.1",
      "resolved": "https://registry.npmjs.org/path-is-absolute/-/path-is-absolute-1.0.1.tgz",
      "integrity": "sha1-F0uSaHNVNP+8es5r9TpanhtcX18=",
      "dev": true
    },
    "typescript": {
      "version": "3.7.2",
      "resolved": "https://registry.npmjs.org/typescript/-/typescript-3.7.2.tgz",
      "integrity": "sha512-ml7V7JfiN2Xwvcer+XAf2csGO1bPBdRbFCkYBczNZggrBZ9c7G3riSUeJmqEU5uOtXNPMhE3n+R4FA/3YOAWOQ==",
      "dev": true
    },
    "wrappy": {
      "version": "1.0.2",
      "resolved": "https://registry.npmjs.org/wrappy/-/wrappy-1.0.2.tgz",
      "integrity": "sha1-tSQ9jz7BqjXxNkYFvA0QNuMKtp8=",
      "dev": true
    },
    "yazl": {
      "version": "2.5.1",
      "resolved": "https://registry.npmjs.org/yazl/-/yazl-2.5.1.tgz",
      "integrity": "sha512-phENi2PLiHnHb6QBVot+dJnaAZ0xosj7p3fWl+znIjBDlnMI2PsZCJZ306BPTFOaHf5qdDEI8x5qFrSOBN5vrw==",
      "requires": {
        "buffer-crc32": "~0.2.3"
      }
    }
  }
}
