{
	"name": "examples-self-hosted",
	"version": "0.0.0",
	"lockfileVersion": 2,
	"requires": true,
	"packages": {
		"": {
			"name": "examples-self-hosted",
			"version": "0.0.0",
			"hasInstallScript": true,
			"license": "ISC",
			"dependencies": {
				"express": "^4.17.2",
				"node-fetch": "^3.2.0",
				"tslib": "^2.3.1"
			},
			"devDependencies": {
				"@types/express": "4.17.13",
				"ts-node": "^10.4.0",
				"typescript": "^4.5.5"
			},
			"peerDependencies": {
				"passkit-generator": "latest"
			}
		},
		"../..": {
			"version": "3.1.3",
			"extraneous": true,
			"license": "MIT",
			"dependencies": {
				"do-not-zip": "^1.0.0",
				"joi": "17.4.2",
				"node-forge": "^1.2.1",
				"tslib": "^2.3.1"
			},
			"devDependencies": {
				"@types/do-not-zip": "^1.0.0",
				"@types/jasmine": "^3.10.3",
				"@types/node": "^16.11.4",
				"@types/node-forge": "^1.0.0",
				"jasmine": "^4.0.2",
				"prettier": "^2.5.1",
				"rimraf": "^3.0.2",
				"typescript": "^4.5.4"
			},
			"engines": {
				"node": ">=14.18.1"
			}
		},
		"node_modules/@cspotcode/source-map-consumer": {
			"version": "0.8.0",
			"dev": true,
			"license": "BSD-3-Clause",
			"engines": {
				"node": ">= 12"
			}
		},
		"node_modules/@cspotcode/source-map-support": {
			"version": "0.7.0",
			"dev": true,
			"license": "MIT",
			"dependencies": {
				"@cspotcode/source-map-consumer": "0.8.0"
			},
			"engines": {
				"node": ">=12"
			}
		},
		"node_modules/@hapi/hoek": {
			"version": "9.2.1",
			"resolved": "https://registry.npmjs.org/@hapi/hoek/-/hoek-9.2.1.tgz",
			"integrity": "sha512-gfta+H8aziZsm8pZa0vj04KO6biEiisppNgA1kbJvFrrWu9Vm7eaUEy76DIxsuTaWvti5fkJVhllWc6ZTE+Mdw==",
			"peer": true
		},
		"node_modules/@hapi/topo": {
			"version": "5.1.0",
			"resolved": "https://registry.npmjs.org/@hapi/topo/-/topo-5.1.0.tgz",
			"integrity": "sha512-foQZKJig7Ob0BMAYBfcJk8d77QtOe7Wo4ox7ff1lQYoNNAb6jwcY1ncdoy2e9wQZzvNy7ODZCYJkK8kzmcAnAg==",
			"peer": true,
			"dependencies": {
				"@hapi/hoek": "^9.0.0"
			}
		},
		"node_modules/@sideway/address": {
			"version": "4.1.3",
			"resolved": "https://registry.npmjs.org/@sideway/address/-/address-4.1.3.tgz",
			"integrity": "sha512-8ncEUtmnTsMmL7z1YPB47kPUq7LpKWJNFPsRzHiIajGC5uXlWGn+AmkYPcHNl8S4tcEGx+cnORnNYaw2wvL+LQ==",
			"peer": true,
			"dependencies": {
				"@hapi/hoek": "^9.0.0"
			}
		},
		"node_modules/@sideway/formula": {
			"version": "3.0.0",
			"resolved": "https://registry.npmjs.org/@sideway/formula/-/formula-3.0.0.tgz",
			"integrity": "sha512-vHe7wZ4NOXVfkoRb8T5otiENVlT7a3IAiw7H5M2+GO+9CDgcVUUsX1zalAztCmwyOr2RUTGJdgB+ZvSVqmdHmg==",
			"peer": true
		},
		"node_modules/@sideway/pinpoint": {
			"version": "2.0.0",
			"resolved": "https://registry.npmjs.org/@sideway/pinpoint/-/pinpoint-2.0.0.tgz",
			"integrity": "sha512-RNiOoTPkptFtSVzQevY/yWtZwf/RxyVnPy/OcA9HBM3MlGDnBEYL5B41H0MTn0Uec8Hi+2qUtTfG2WWZBmMejQ==",
			"peer": true
		},
		"node_modules/@tsconfig/node10": {
			"version": "1.0.8",
			"dev": true,
			"license": "MIT"
		},
		"node_modules/@tsconfig/node12": {
			"version": "1.0.9",
			"dev": true,
			"license": "MIT"
		},
		"node_modules/@tsconfig/node14": {
			"version": "1.0.1",
			"dev": true,
			"license": "MIT"
		},
		"node_modules/@tsconfig/node16": {
			"version": "1.0.2",
			"dev": true,
			"license": "MIT"
		},
		"node_modules/@types/body-parser": {
			"version": "1.17.0",
			"dev": true,
			"license": "MIT",
			"dependencies": {
				"@types/connect": "*",
				"@types/node": "*"
			}
		},
		"node_modules/@types/connect": {
			"version": "3.4.32",
			"dev": true,
			"license": "MIT",
			"dependencies": {
				"@types/node": "*"
			}
		},
		"node_modules/@types/express": {
			"version": "4.17.13",
			"dev": true,
			"license": "MIT",
			"dependencies": {
				"@types/body-parser": "*",
				"@types/express-serve-static-core": "^4.17.18",
				"@types/qs": "*",
				"@types/serve-static": "*"
			}
		},
		"node_modules/@types/express-serve-static-core": {
			"version": "4.17.24",
			"dev": true,
			"license": "MIT",
			"dependencies": {
				"@types/node": "*",
				"@types/qs": "*",
				"@types/range-parser": "*"
			}
		},
		"node_modules/@types/mime": {
			"version": "2.0.1",
			"dev": true,
			"license": "MIT"
		},
		"node_modules/@types/node": {
			"version": "12.6.8",
			"dev": true,
			"license": "MIT"
		},
		"node_modules/@types/qs": {
			"version": "6.9.7",
			"dev": true,
			"license": "MIT"
		},
		"node_modules/@types/range-parser": {
			"version": "1.2.3",
			"dev": true,
			"license": "MIT"
		},
		"node_modules/@types/serve-static": {
			"version": "1.13.2",
			"dev": true,
			"license": "MIT",
			"dependencies": {
				"@types/express-serve-static-core": "*",
				"@types/mime": "*"
			}
		},
		"node_modules/accepts": {
			"version": "1.3.7",
			"license": "MIT",
			"dependencies": {
				"mime-types": "~2.1.24",
				"negotiator": "0.6.2"
			},
			"engines": {
				"node": ">= 0.6"
			}
		},
		"node_modules/acorn": {
			"version": "8.5.0",
			"dev": true,
			"license": "MIT",
			"bin": {
				"acorn": "bin/acorn"
			},
			"engines": {
				"node": ">=0.4.0"
			}
		},
		"node_modules/acorn-walk": {
			"version": "8.2.0",
			"dev": true,
			"license": "MIT",
			"engines": {
				"node": ">=0.4.0"
			}
		},
		"node_modules/arg": {
			"version": "4.1.3",
			"dev": true,
			"license": "MIT"
		},
		"node_modules/array-flatten": {
			"version": "1.1.1",
			"license": "MIT"
		},
		"node_modules/body-parser": {
			"version": "1.19.1",
			"license": "MIT",
			"dependencies": {
				"bytes": "3.1.1",
				"content-type": "~1.0.4",
				"debug": "2.6.9",
				"depd": "~1.1.2",
				"http-errors": "1.8.1",
				"iconv-lite": "0.4.24",
				"on-finished": "~2.3.0",
				"qs": "6.9.6",
				"raw-body": "2.4.2",
				"type-is": "~1.6.18"
			},
			"engines": {
				"node": ">= 0.8"
			}
		},
		"node_modules/bytes": {
			"version": "3.1.1",
			"license": "MIT",
			"engines": {
				"node": ">= 0.8"
			}
		},
		"node_modules/content-disposition": {
			"version": "0.5.4",
			"license": "MIT",
			"dependencies": {
				"safe-buffer": "5.2.1"
			},
			"engines": {
				"node": ">= 0.6"
			}
		},
		"node_modules/content-type": {
			"version": "1.0.4",
			"license": "MIT",
			"engines": {
				"node": ">= 0.6"
			}
		},
		"node_modules/cookie": {
			"version": "0.4.1",
			"license": "MIT",
			"engines": {
				"node": ">= 0.6"
			}
		},
		"node_modules/cookie-signature": {
			"version": "1.0.6",
			"license": "MIT"
		},
		"node_modules/create-require": {
			"version": "1.1.1",
			"dev": true,
			"license": "MIT"
		},
		"node_modules/data-uri-to-buffer": {
			"version": "4.0.0",
			"license": "MIT",
			"engines": {
				"node": ">= 12"
			}
		},
		"node_modules/debug": {
			"version": "2.6.9",
			"license": "MIT",
			"dependencies": {
				"ms": "2.0.0"
			}
		},
		"node_modules/depd": {
			"version": "1.1.2",
			"license": "MIT",
			"engines": {
				"node": ">= 0.6"
			}
		},
		"node_modules/destroy": {
			"version": "1.0.4",
			"license": "MIT"
		},
		"node_modules/diff": {
			"version": "4.0.2",
			"dev": true,
			"license": "BSD-3-Clause",
			"engines": {
				"node": ">=0.3.1"
			}
		},
		"node_modules/do-not-zip": {
			"version": "1.0.0",
			"resolved": "https://registry.npmjs.org/do-not-zip/-/do-not-zip-1.0.0.tgz",
			"integrity": "sha512-Pgd81ET43bhAGaN2Hq1zluSX1FmD7kl7KcV9ER/lawiLsRUB9pRA5y8r6us29Xk6BrINZETO8TjhYwtwafWUww==",
			"peer": true
		},
		"node_modules/ee-first": {
			"version": "1.1.1",
			"license": "MIT"
		},
		"node_modules/encodeurl": {
			"version": "1.0.2",
			"license": "MIT",
			"engines": {
				"node": ">= 0.8"
			}
		},
		"node_modules/escape-html": {
			"version": "1.0.3",
			"license": "MIT"
		},
		"node_modules/etag": {
			"version": "1.8.1",
			"license": "MIT",
			"engines": {
				"node": ">= 0.6"
			}
		},
		"node_modules/express": {
			"version": "4.17.2",
			"license": "MIT",
			"dependencies": {
				"accepts": "~1.3.7",
				"array-flatten": "1.1.1",
				"body-parser": "1.19.1",
				"content-disposition": "0.5.4",
				"content-type": "~1.0.4",
				"cookie": "0.4.1",
				"cookie-signature": "1.0.6",
				"debug": "2.6.9",
				"depd": "~1.1.2",
				"encodeurl": "~1.0.2",
				"escape-html": "~1.0.3",
				"etag": "~1.8.1",
				"finalhandler": "~1.1.2",
				"fresh": "0.5.2",
				"merge-descriptors": "1.0.1",
				"methods": "~1.1.2",
				"on-finished": "~2.3.0",
				"parseurl": "~1.3.3",
				"path-to-regexp": "0.1.7",
				"proxy-addr": "~2.0.7",
				"qs": "6.9.6",
				"range-parser": "~1.2.1",
				"safe-buffer": "5.2.1",
				"send": "0.17.2",
				"serve-static": "1.14.2",
				"setprototypeof": "1.2.0",
				"statuses": "~1.5.0",
				"type-is": "~1.6.18",
				"utils-merge": "1.0.1",
				"vary": "~1.1.2"
			},
			"engines": {
				"node": ">= 0.10.0"
			}
		},
		"node_modules/fetch-blob": {
			"version": "3.1.4",
			"resolved": "https://registry.npmjs.org/fetch-blob/-/fetch-blob-3.1.4.tgz",
			"integrity": "sha512-Eq5Xv5+VlSrYWEqKrusxY1C3Hm/hjeAsCGVG3ft7pZahlUAChpGZT/Ms1WmSLnEAisEXszjzu/s+ce6HZB2VHA==",
			"funding": [
				{
					"type": "github",
					"url": "https://github.com/sponsors/jimmywarting"
				},
				{
					"type": "paypal",
					"url": "https://paypal.me/jimmywarting"
				}
			],
			"dependencies": {
				"node-domexception": "^1.0.0",
				"web-streams-polyfill": "^3.0.3"
			},
			"engines": {
				"node": "^12.20 || >= 14.13"
			}
		},
		"node_modules/finalhandler": {
			"version": "1.1.2",
			"license": "MIT",
			"dependencies": {
				"debug": "2.6.9",
				"encodeurl": "~1.0.2",
				"escape-html": "~1.0.3",
				"on-finished": "~2.3.0",
				"parseurl": "~1.3.3",
				"statuses": "~1.5.0",
				"unpipe": "~1.0.0"
			},
			"engines": {
				"node": ">= 0.8"
			}
		},
		"node_modules/formdata-polyfill": {
			"version": "4.0.10",
			"license": "MIT",
			"dependencies": {
				"fetch-blob": "^3.1.2"
			},
			"engines": {
				"node": ">=12.20.0"
			}
		},
		"node_modules/forwarded": {
			"version": "0.2.0",
			"license": "MIT",
			"engines": {
				"node": ">= 0.6"
			}
		},
		"node_modules/fresh": {
			"version": "0.5.2",
			"license": "MIT",
			"engines": {
				"node": ">= 0.6"
			}
		},
		"node_modules/http-errors": {
			"version": "1.8.1",
			"license": "MIT",
			"dependencies": {
				"depd": "~1.1.2",
				"inherits": "2.0.4",
				"setprototypeof": "1.2.0",
				"statuses": ">= 1.5.0 < 2",
				"toidentifier": "1.0.1"
			},
			"engines": {
				"node": ">= 0.6"
			}
		},
		"node_modules/iconv-lite": {
			"version": "0.4.24",
			"license": "MIT",
			"dependencies": {
				"safer-buffer": ">= 2.1.2 < 3"
			},
			"engines": {
				"node": ">=0.10.0"
			}
		},
		"node_modules/inherits": {
			"version": "2.0.4",
			"license": "ISC"
		},
		"node_modules/ipaddr.js": {
			"version": "1.9.1",
			"license": "MIT",
			"engines": {
				"node": ">= 0.10"
			}
		},
		"node_modules/joi": {
			"version": "17.4.2",
			"resolved": "https://registry.npmjs.org/joi/-/joi-17.4.2.tgz",
			"integrity": "sha512-Lm56PP+n0+Z2A2rfRvsfWVDXGEWjXxatPopkQ8qQ5mxCEhwHG+Ettgg5o98FFaxilOxozoa14cFhrE/hOzh/Nw==",
			"peer": true,
			"dependencies": {
				"@hapi/hoek": "^9.0.0",
				"@hapi/topo": "^5.0.0",
				"@sideway/address": "^4.1.0",
				"@sideway/formula": "^3.0.0",
				"@sideway/pinpoint": "^2.0.0"
			}
		},
		"node_modules/make-error": {
			"version": "1.3.6",
			"dev": true,
			"license": "ISC"
		},
		"node_modules/media-typer": {
			"version": "0.3.0",
			"license": "MIT",
			"engines": {
				"node": ">= 0.6"
			}
		},
		"node_modules/merge-descriptors": {
			"version": "1.0.1",
			"license": "MIT"
		},
		"node_modules/methods": {
			"version": "1.1.2",
			"license": "MIT",
			"engines": {
				"node": ">= 0.6"
			}
		},
		"node_modules/mime": {
			"version": "1.6.0",
			"license": "MIT",
			"bin": {
				"mime": "cli.js"
			},
			"engines": {
				"node": ">=4"
			}
		},
		"node_modules/mime-db": {
			"version": "1.40.0",
			"license": "MIT",
			"engines": {
				"node": ">= 0.6"
			}
		},
		"node_modules/mime-types": {
			"version": "2.1.24",
			"license": "MIT",
			"dependencies": {
				"mime-db": "1.40.0"
			},
			"engines": {
				"node": ">= 0.6"
			}
		},
		"node_modules/ms": {
			"version": "2.0.0",
			"license": "MIT"
		},
		"node_modules/negotiator": {
			"version": "0.6.2",
			"license": "MIT",
			"engines": {
				"node": ">= 0.6"
			}
		},
		"node_modules/node-domexception": {
			"version": "1.0.0",
			"resolved": "https://registry.npmjs.org/node-domexception/-/node-domexception-1.0.0.tgz",
			"integrity": "sha512-/jKZoMpw0F8GRwl4/eLROPA3cfcXtLApP0QzLmUT/HuPCZWyB7IY9ZrMeKw2O/nFIqPQB3PVM9aYm0F312AXDQ==",
			"funding": [
				{
					"type": "github",
					"url": "https://github.com/sponsors/jimmywarting"
				},
				{
					"type": "github",
					"url": "https://paypal.me/jimmywarting"
				}
			],
			"engines": {
				"node": ">=10.5.0"
			}
		},
		"node_modules/node-fetch": {
			"version": "3.2.0",
			"resolved": "https://registry.npmjs.org/node-fetch/-/node-fetch-3.2.0.tgz",
			"integrity": "sha512-8xeimMwMItMw8hRrOl3C9/xzU49HV/yE6ORew/l+dxWimO5A4Ra8ld2rerlJvc/O7et5Z1zrWsPX43v1QBjCxw==",
			"dependencies": {
				"data-uri-to-buffer": "^4.0.0",
				"fetch-blob": "^3.1.4",
				"formdata-polyfill": "^4.0.10"
			},
			"engines": {
				"node": "^12.20.0 || ^14.13.1 || >=16.0.0"
			},
			"funding": {
				"type": "opencollective",
				"url": "https://opencollective.com/node-fetch"
			}
		},
		"node_modules/node-forge": {
			"version": "1.2.1",
			"resolved": "https://registry.npmjs.org/node-forge/-/node-forge-1.2.1.tgz",
			"integrity": "sha512-Fcvtbb+zBcZXbTTVwqGA5W+MKBj56UjVRevvchv5XrcyXbmNdesfZL37nlcWOfpgHhgmxApw3tQbTr4CqNmX4w==",
			"peer": true,
			"engines": {
				"node": ">= 6.13.0"
			}
		},
		"node_modules/on-finished": {
			"version": "2.3.0",
			"license": "MIT",
			"dependencies": {
				"ee-first": "1.1.1"
			},
			"engines": {
				"node": ">= 0.8"
			}
		},
		"node_modules/parseurl": {
			"version": "1.3.3",
			"license": "MIT",
			"engines": {
				"node": ">= 0.8"
			}
		},
		"node_modules/passkit-generator": {
			"version": "3.1.3",
			"resolved": "https://registry.npmjs.org/passkit-generator/-/passkit-generator-3.1.3.tgz",
			"integrity": "sha512-vTRlOh9g7pthqcfDYIbMYp6Xx85jSoUGNdUc2bN2d+R08+H1Bxbe3WSv8t4fzsLaLpH4fNRlQbAu4foYRi2/7Q==",
			"peer": true,
			"dependencies": {
				"do-not-zip": "^1.0.0",
				"joi": "17.4.2",
				"node-forge": "^1.2.1",
				"tslib": "^2.3.1"
			},
			"engines": {
				"node": ">=14.18.1"
			}
		},
		"node_modules/path-to-regexp": {
			"version": "0.1.7",
			"license": "MIT"
		},
		"node_modules/proxy-addr": {
			"version": "2.0.7",
			"license": "MIT",
			"dependencies": {
				"forwarded": "0.2.0",
				"ipaddr.js": "1.9.1"
			},
			"engines": {
				"node": ">= 0.10"
			}
		},
		"node_modules/qs": {
			"version": "6.9.6",
			"license": "BSD-3-Clause",
			"engines": {
				"node": ">=0.6"
			},
			"funding": {
				"url": "https://github.com/sponsors/ljharb"
			}
		},
		"node_modules/range-parser": {
			"version": "1.2.1",
			"license": "MIT",
			"engines": {
				"node": ">= 0.6"
			}
		},
		"node_modules/raw-body": {
			"version": "2.4.2",
			"license": "MIT",
			"dependencies": {
				"bytes": "3.1.1",
				"http-errors": "1.8.1",
				"iconv-lite": "0.4.24",
				"unpipe": "1.0.0"
			},
			"engines": {
				"node": ">= 0.8"
			}
		},
		"node_modules/safe-buffer": {
			"version": "5.2.1",
			"funding": [
				{
					"type": "github",
					"url": "https://github.com/sponsors/feross"
				},
				{
					"type": "patreon",
					"url": "https://www.patreon.com/feross"
				},
				{
					"type": "consulting",
					"url": "https://feross.org/support"
				}
			],
			"license": "MIT"
		},
		"node_modules/safer-buffer": {
			"version": "2.1.2",
			"license": "MIT"
		},
		"node_modules/send": {
			"version": "0.17.2",
			"license": "MIT",
			"dependencies": {
				"debug": "2.6.9",
				"depd": "~1.1.2",
				"destroy": "~1.0.4",
				"encodeurl": "~1.0.2",
				"escape-html": "~1.0.3",
				"etag": "~1.8.1",
				"fresh": "0.5.2",
				"http-errors": "1.8.1",
				"mime": "1.6.0",
				"ms": "2.1.3",
				"on-finished": "~2.3.0",
				"range-parser": "~1.2.1",
				"statuses": "~1.5.0"
			},
			"engines": {
				"node": ">= 0.8.0"
			}
		},
		"node_modules/send/node_modules/ms": {
			"version": "2.1.3",
			"license": "MIT"
		},
		"node_modules/serve-static": {
			"version": "1.14.2",
			"license": "MIT",
			"dependencies": {
				"encodeurl": "~1.0.2",
				"escape-html": "~1.0.3",
				"parseurl": "~1.3.3",
				"send": "0.17.2"
			},
			"engines": {
				"node": ">= 0.8.0"
			}
		},
		"node_modules/setprototypeof": {
			"version": "1.2.0",
			"license": "ISC"
		},
		"node_modules/statuses": {
			"version": "1.5.0",
			"license": "MIT",
			"engines": {
				"node": ">= 0.6"
			}
		},
		"node_modules/toidentifier": {
			"version": "1.0.1",
			"license": "MIT",
			"engines": {
				"node": ">=0.6"
			}
		},
		"node_modules/ts-node": {
			"version": "10.4.0",
			"dev": true,
			"license": "MIT",
			"dependencies": {
				"@cspotcode/source-map-support": "0.7.0",
				"@tsconfig/node10": "^1.0.7",
				"@tsconfig/node12": "^1.0.7",
				"@tsconfig/node14": "^1.0.0",
				"@tsconfig/node16": "^1.0.2",
				"acorn": "^8.4.1",
				"acorn-walk": "^8.1.1",
				"arg": "^4.1.0",
				"create-require": "^1.1.0",
				"diff": "^4.0.1",
				"make-error": "^1.1.1",
				"yn": "3.1.1"
			},
			"bin": {
				"ts-node": "dist/bin.js",
				"ts-node-cwd": "dist/bin-cwd.js",
				"ts-node-script": "dist/bin-script.js",
				"ts-node-transpile-only": "dist/bin-transpile.js",
				"ts-script": "dist/bin-script-deprecated.js"
			},
			"peerDependencies": {
				"@swc/core": ">=1.2.50",
				"@swc/wasm": ">=1.2.50",
				"@types/node": "*",
				"typescript": ">=2.7"
			},
			"peerDependenciesMeta": {
				"@swc/core": {
					"optional": true
				},
				"@swc/wasm": {
					"optional": true
				}
			}
		},
		"node_modules/tslib": {
			"version": "2.3.1",
			"license": "0BSD"
		},
		"node_modules/type-is": {
			"version": "1.6.18",
			"license": "MIT",
			"dependencies": {
				"media-typer": "0.3.0",
				"mime-types": "~2.1.24"
			},
			"engines": {
				"node": ">= 0.6"
			}
		},
		"node_modules/typescript": {
			"version": "4.5.5",
			"resolved": "https://registry.npmjs.org/typescript/-/typescript-4.5.5.tgz",
			"integrity": "sha512-TCTIul70LyWe6IJWT8QSYeA54WQe8EjQFU4wY52Fasj5UKx88LNYKCgBEHcOMOrFF1rKGbD8v/xcNWVUq9SymA==",
			"dev": true,
			"bin": {
				"tsc": "bin/tsc",
				"tsserver": "bin/tsserver"
			},
			"engines": {
				"node": ">=4.2.0"
			}
		},
		"node_modules/unpipe": {
			"version": "1.0.0",
			"license": "MIT",
			"engines": {
				"node": ">= 0.8"
			}
		},
		"node_modules/utils-merge": {
			"version": "1.0.1",
			"license": "MIT",
			"engines": {
				"node": ">= 0.4.0"
			}
		},
		"node_modules/vary": {
			"version": "1.1.2",
			"license": "MIT",
			"engines": {
				"node": ">= 0.8"
			}
		},
		"node_modules/web-streams-polyfill": {
			"version": "3.1.1",
			"license": "MIT",
			"engines": {
				"node": ">= 8"
			}
		},
		"node_modules/yn": {
			"version": "3.1.1",
			"dev": true,
			"license": "MIT",
			"engines": {
				"node": ">=6"
			}
		}
	},
	"dependencies": {
		"@cspotcode/source-map-consumer": {
			"version": "0.8.0",
			"dev": true
		},
		"@cspotcode/source-map-support": {
			"version": "0.7.0",
			"dev": true,
			"requires": {
				"@cspotcode/source-map-consumer": "0.8.0"
			}
		},
		"@hapi/hoek": {
			"version": "9.2.1",
			"resolved": "https://registry.npmjs.org/@hapi/hoek/-/hoek-9.2.1.tgz",
			"integrity": "sha512-gfta+H8aziZsm8pZa0vj04KO6biEiisppNgA1kbJvFrrWu9Vm7eaUEy76DIxsuTaWvti5fkJVhllWc6ZTE+Mdw==",
			"peer": true
		},
		"@hapi/topo": {
			"version": "5.1.0",
			"resolved": "https://registry.npmjs.org/@hapi/topo/-/topo-5.1.0.tgz",
			"integrity": "sha512-foQZKJig7Ob0BMAYBfcJk8d77QtOe7Wo4ox7ff1lQYoNNAb6jwcY1ncdoy2e9wQZzvNy7ODZCYJkK8kzmcAnAg==",
			"peer": true,
			"requires": {
				"@hapi/hoek": "^9.0.0"
			}
		},
		"@sideway/address": {
			"version": "4.1.3",
			"resolved": "https://registry.npmjs.org/@sideway/address/-/address-4.1.3.tgz",
			"integrity": "sha512-8ncEUtmnTsMmL7z1YPB47kPUq7LpKWJNFPsRzHiIajGC5uXlWGn+AmkYPcHNl8S4tcEGx+cnORnNYaw2wvL+LQ==",
			"peer": true,
			"requires": {
				"@hapi/hoek": "^9.0.0"
			}
		},
		"@sideway/formula": {
			"version": "3.0.0",
			"resolved": "https://registry.npmjs.org/@sideway/formula/-/formula-3.0.0.tgz",
			"integrity": "sha512-vHe7wZ4NOXVfkoRb8T5otiENVlT7a3IAiw7H5M2+GO+9CDgcVUUsX1zalAztCmwyOr2RUTGJdgB+ZvSVqmdHmg==",
			"peer": true
		},
		"@sideway/pinpoint": {
			"version": "2.0.0",
			"resolved": "https://registry.npmjs.org/@sideway/pinpoint/-/pinpoint-2.0.0.tgz",
			"integrity": "sha512-RNiOoTPkptFtSVzQevY/yWtZwf/RxyVnPy/OcA9HBM3MlGDnBEYL5B41H0MTn0Uec8Hi+2qUtTfG2WWZBmMejQ==",
			"peer": true
		},
		"@tsconfig/node10": {
			"version": "1.0.8",
			"dev": true
		},
		"@tsconfig/node12": {
			"version": "1.0.9",
			"dev": true
		},
		"@tsconfig/node14": {
			"version": "1.0.1",
			"dev": true
		},
		"@tsconfig/node16": {
			"version": "1.0.2",
			"dev": true
		},
		"@types/body-parser": {
			"version": "1.17.0",
			"dev": true,
			"requires": {
				"@types/connect": "*",
				"@types/node": "*"
			}
		},
		"@types/connect": {
			"version": "3.4.32",
			"dev": true,
			"requires": {
				"@types/node": "*"
			}
		},
		"@types/express": {
			"version": "4.17.13",
			"dev": true,
			"requires": {
				"@types/body-parser": "*",
				"@types/express-serve-static-core": "^4.17.18",
				"@types/qs": "*",
				"@types/serve-static": "*"
			}
		},
		"@types/express-serve-static-core": {
			"version": "4.17.24",
			"dev": true,
			"requires": {
				"@types/node": "*",
				"@types/qs": "*",
				"@types/range-parser": "*"
			}
		},
		"@types/mime": {
			"version": "2.0.1",
			"dev": true
		},
		"@types/node": {
			"version": "12.6.8",
			"dev": true
		},
		"@types/qs": {
			"version": "6.9.7",
			"dev": true
		},
		"@types/range-parser": {
			"version": "1.2.3",
			"dev": true
		},
		"@types/serve-static": {
			"version": "1.13.2",
			"dev": true,
			"requires": {
				"@types/express-serve-static-core": "*",
				"@types/mime": "*"
			}
		},
		"accepts": {
			"version": "1.3.7",
			"requires": {
				"mime-types": "~2.1.24",
				"negotiator": "0.6.2"
			}
		},
		"acorn": {
			"version": "8.5.0",
			"dev": true
		},
		"acorn-walk": {
			"version": "8.2.0",
			"dev": true
		},
		"arg": {
			"version": "4.1.3",
			"dev": true
		},
		"array-flatten": {
			"version": "1.1.1"
		},
		"body-parser": {
			"version": "1.19.1",
			"requires": {
				"bytes": "3.1.1",
				"content-type": "~1.0.4",
				"debug": "2.6.9",
				"depd": "~1.1.2",
				"http-errors": "1.8.1",
				"iconv-lite": "0.4.24",
				"on-finished": "~2.3.0",
				"qs": "6.9.6",
				"raw-body": "2.4.2",
				"type-is": "~1.6.18"
			}
		},
		"bytes": {
			"version": "3.1.1"
		},
		"content-disposition": {
			"version": "0.5.4",
			"requires": {
				"safe-buffer": "5.2.1"
			}
		},
		"content-type": {
			"version": "1.0.4"
		},
		"cookie": {
			"version": "0.4.1"
		},
		"cookie-signature": {
			"version": "1.0.6"
		},
		"create-require": {
			"version": "1.1.1",
			"dev": true
		},
		"data-uri-to-buffer": {
			"version": "4.0.0"
		},
		"debug": {
			"version": "2.6.9",
			"requires": {
				"ms": "2.0.0"
			}
		},
		"depd": {
			"version": "1.1.2"
		},
		"destroy": {
			"version": "1.0.4"
		},
		"diff": {
			"version": "4.0.2",
			"dev": true
		},
		"do-not-zip": {
			"version": "1.0.0",
			"resolved": "https://registry.npmjs.org/do-not-zip/-/do-not-zip-1.0.0.tgz",
			"integrity": "sha512-Pgd81ET43bhAGaN2Hq1zluSX1FmD7kl7KcV9ER/lawiLsRUB9pRA5y8r6us29Xk6BrINZETO8TjhYwtwafWUww==",
			"peer": true
		},
		"ee-first": {
			"version": "1.1.1"
		},
		"encodeurl": {
			"version": "1.0.2"
		},
		"escape-html": {
			"version": "1.0.3"
		},
		"etag": {
			"version": "1.8.1"
		},
		"express": {
			"version": "4.17.2",
			"requires": {
				"accepts": "~1.3.7",
				"array-flatten": "1.1.1",
				"body-parser": "1.19.1",
				"content-disposition": "0.5.4",
				"content-type": "~1.0.4",
				"cookie": "0.4.1",
				"cookie-signature": "1.0.6",
				"debug": "2.6.9",
				"depd": "~1.1.2",
				"encodeurl": "~1.0.2",
				"escape-html": "~1.0.3",
				"etag": "~1.8.1",
				"finalhandler": "~1.1.2",
				"fresh": "0.5.2",
				"merge-descriptors": "1.0.1",
				"methods": "~1.1.2",
				"on-finished": "~2.3.0",
				"parseurl": "~1.3.3",
				"path-to-regexp": "0.1.7",
				"proxy-addr": "~2.0.7",
				"qs": "6.9.6",
				"range-parser": "~1.2.1",
				"safe-buffer": "5.2.1",
				"send": "0.17.2",
				"serve-static": "1.14.2",
				"setprototypeof": "1.2.0",
				"statuses": "~1.5.0",
				"type-is": "~1.6.18",
				"utils-merge": "1.0.1",
				"vary": "~1.1.2"
			}
		},
		"fetch-blob": {
			"version": "3.1.4",
			"resolved": "https://registry.npmjs.org/fetch-blob/-/fetch-blob-3.1.4.tgz",
			"integrity": "sha512-Eq5Xv5+VlSrYWEqKrusxY1C3Hm/hjeAsCGVG3ft7pZahlUAChpGZT/Ms1WmSLnEAisEXszjzu/s+ce6HZB2VHA==",
			"requires": {
				"node-domexception": "^1.0.0",
				"web-streams-polyfill": "^3.0.3"
			}
		},
		"finalhandler": {
			"version": "1.1.2",
			"requires": {
				"debug": "2.6.9",
				"encodeurl": "~1.0.2",
				"escape-html": "~1.0.3",
				"on-finished": "~2.3.0",
				"parseurl": "~1.3.3",
				"statuses": "~1.5.0",
				"unpipe": "~1.0.0"
			}
		},
		"formdata-polyfill": {
			"version": "4.0.10",
			"requires": {
				"fetch-blob": "^3.1.2"
			}
		},
		"forwarded": {
			"version": "0.2.0"
		},
		"fresh": {
			"version": "0.5.2"
		},
		"http-errors": {
			"version": "1.8.1",
			"requires": {
				"depd": "~1.1.2",
				"inherits": "2.0.4",
				"setprototypeof": "1.2.0",
				"statuses": ">= 1.5.0 < 2",
				"toidentifier": "1.0.1"
			}
		},
		"iconv-lite": {
			"version": "0.4.24",
			"requires": {
				"safer-buffer": ">= 2.1.2 < 3"
			}
		},
		"inherits": {
			"version": "2.0.4"
		},
		"ipaddr.js": {
			"version": "1.9.1"
		},
		"joi": {
			"version": "17.4.2",
			"resolved": "https://registry.npmjs.org/joi/-/joi-17.4.2.tgz",
			"integrity": "sha512-Lm56PP+n0+Z2A2rfRvsfWVDXGEWjXxatPopkQ8qQ5mxCEhwHG+Ettgg5o98FFaxilOxozoa14cFhrE/hOzh/Nw==",
			"peer": true,
			"requires": {
				"@hapi/hoek": "^9.0.0",
				"@hapi/topo": "^5.0.0",
				"@sideway/address": "^4.1.0",
				"@sideway/formula": "^3.0.0",
				"@sideway/pinpoint": "^2.0.0"
			}
		},
		"make-error": {
			"version": "1.3.6",
			"dev": true
		},
		"media-typer": {
			"version": "0.3.0"
		},
		"merge-descriptors": {
			"version": "1.0.1"
		},
		"methods": {
			"version": "1.1.2"
		},
		"mime": {
			"version": "1.6.0"
		},
		"mime-db": {
			"version": "1.40.0"
		},
		"mime-types": {
			"version": "2.1.24",
			"requires": {
				"mime-db": "1.40.0"
			}
		},
		"ms": {
			"version": "2.0.0"
		},
		"negotiator": {
			"version": "0.6.2"
		},
		"node-domexception": {
			"version": "1.0.0",
			"resolved": "https://registry.npmjs.org/node-domexception/-/node-domexception-1.0.0.tgz",
			"integrity": "sha512-/jKZoMpw0F8GRwl4/eLROPA3cfcXtLApP0QzLmUT/HuPCZWyB7IY9ZrMeKw2O/nFIqPQB3PVM9aYm0F312AXDQ=="
		},
		"node-fetch": {
			"version": "3.2.0",
			"resolved": "https://registry.npmjs.org/node-fetch/-/node-fetch-3.2.0.tgz",
			"integrity": "sha512-8xeimMwMItMw8hRrOl3C9/xzU49HV/yE6ORew/l+dxWimO5A4Ra8ld2rerlJvc/O7et5Z1zrWsPX43v1QBjCxw==",
			"requires": {
				"data-uri-to-buffer": "^4.0.0",
				"fetch-blob": "^3.1.4",
				"formdata-polyfill": "^4.0.10"
			}
		},
		"node-forge": {
			"version": "1.2.1",
			"resolved": "https://registry.npmjs.org/node-forge/-/node-forge-1.2.1.tgz",
			"integrity": "sha512-Fcvtbb+zBcZXbTTVwqGA5W+MKBj56UjVRevvchv5XrcyXbmNdesfZL37nlcWOfpgHhgmxApw3tQbTr4CqNmX4w==",
			"peer": true
		},
		"on-finished": {
			"version": "2.3.0",
			"requires": {
				"ee-first": "1.1.1"
			}
		},
		"parseurl": {
			"version": "1.3.3"
		},
		"passkit-generator": {
			"version": "3.1.3",
			"resolved": "https://registry.npmjs.org/passkit-generator/-/passkit-generator-3.1.3.tgz",
			"integrity": "sha512-vTRlOh9g7pthqcfDYIbMYp6Xx85jSoUGNdUc2bN2d+R08+H1Bxbe3WSv8t4fzsLaLpH4fNRlQbAu4foYRi2/7Q==",
			"peer": true,
			"requires": {
				"do-not-zip": "^1.0.0",
				"joi": "17.4.2",
				"node-forge": "^1.2.1",
				"tslib": "^2.3.1"
			}
		},
		"path-to-regexp": {
			"version": "0.1.7"
		},
		"proxy-addr": {
			"version": "2.0.7",
			"requires": {
				"forwarded": "0.2.0",
				"ipaddr.js": "1.9.1"
			}
		},
		"qs": {
			"version": "6.9.6"
		},
		"range-parser": {
			"version": "1.2.1"
		},
		"raw-body": {
			"version": "2.4.2",
			"requires": {
				"bytes": "3.1.1",
				"http-errors": "1.8.1",
				"iconv-lite": "0.4.24",
				"unpipe": "1.0.0"
			}
		},
		"safe-buffer": {
			"version": "5.2.1"
		},
		"safer-buffer": {
			"version": "2.1.2"
		},
		"send": {
			"version": "0.17.2",
			"requires": {
				"debug": "2.6.9",
				"depd": "~1.1.2",
				"destroy": "~1.0.4",
				"encodeurl": "~1.0.2",
				"escape-html": "~1.0.3",
				"etag": "~1.8.1",
				"fresh": "0.5.2",
				"http-errors": "1.8.1",
				"mime": "1.6.0",
				"ms": "2.1.3",
				"on-finished": "~2.3.0",
				"range-parser": "~1.2.1",
				"statuses": "~1.5.0"
			},
			"dependencies": {
				"ms": {
					"version": "2.1.3"
				}
			}
		},
		"serve-static": {
			"version": "1.14.2",
			"requires": {
				"encodeurl": "~1.0.2",
				"escape-html": "~1.0.3",
				"parseurl": "~1.3.3",
				"send": "0.17.2"
			}
		},
		"setprototypeof": {
			"version": "1.2.0"
		},
		"statuses": {
			"version": "1.5.0"
		},
		"toidentifier": {
			"version": "1.0.1"
		},
		"ts-node": {
			"version": "10.4.0",
			"dev": true,
			"requires": {
				"@cspotcode/source-map-support": "0.7.0",
				"@tsconfig/node10": "^1.0.7",
				"@tsconfig/node12": "^1.0.7",
				"@tsconfig/node14": "^1.0.0",
				"@tsconfig/node16": "^1.0.2",
				"acorn": "^8.4.1",
				"acorn-walk": "^8.1.1",
				"arg": "^4.1.0",
				"create-require": "^1.1.0",
				"diff": "^4.0.1",
				"make-error": "^1.1.1",
				"yn": "3.1.1"
			}
		},
		"tslib": {
			"version": "2.3.1"
		},
		"type-is": {
			"version": "1.6.18",
			"requires": {
				"media-typer": "0.3.0",
				"mime-types": "~2.1.24"
			}
		},
		"typescript": {
			"version": "4.5.5",
			"resolved": "https://registry.npmjs.org/typescript/-/typescript-4.5.5.tgz",
			"integrity": "sha512-TCTIul70LyWe6IJWT8QSYeA54WQe8EjQFU4wY52Fasj5UKx88LNYKCgBEHcOMOrFF1rKGbD8v/xcNWVUq9SymA==",
			"dev": true
		},
		"unpipe": {
			"version": "1.0.0"
		},
		"utils-merge": {
			"version": "1.0.1"
		},
		"vary": {
			"version": "1.1.2"
		},
		"web-streams-polyfill": {
			"version": "3.1.1"
		},
		"yn": {
			"version": "3.1.1",
			"dev": true
		}
	}
}
